
Microsoft Visual Studio Solution File, Format Version 12.00
# Visual Studio Version 16
VisualStudioVersion = 16.0.33214.272
MinimumVisualStudioVersion = 10.0.40219.1
Project("{8BC9CEB8-8B4A-11D0-8D11-00A0C91BC942}") = "Project1", "Project1\Project1.vcxproj", "{03068161-0D82-4641-980D-D9459A34D957}"
EndProject
Project("{8BC9CEB8-8B4A-11D0-8D11-00A0C91BC942}") = "BuildShared_IntermediateShared", "..\SharedProjects\BuildShared_IntermediateShared\BuildShared_IntermediateShared.vcxproj", "{3C408930-2369-4610-AF5C-7DDE230567B7}"
EndProject
Project("{8BC9CEB8-8B4A-11D0-8D11-00A0C91BC942}") = "BuildNotShared_IntermediateNotShared", "..\SharedProjects\BuildNotShared_IntermediateNotShared\BuildNotShared_IntermediateNotShared.vcxproj", "{41AC8858-A4BE-4E88-B426-A03C2A4CB4BD}"
EndProject
Project("{8BC9CEB8-8B4A-11D0-8D11-00A0C91BC942}") = "BuildNotShared_IntermediateShared", "..\SharedProjects\BuildNotShared_IntermediateShared\BuildNotShared_IntermediateShared.vcxproj", "{FB2D7F39-73B5-4982-AE4E-2F2F484F4BD3}"
EndProject
Project("{8BC9CEB8-8B4A-11D0-8D11-00A0C91BC942}") = "BuildShared_IntermediateNotShared", "..\SharedProjects\BuildShared_IntermediateNotShared\BuildShared_IntermediateNotShared.vcxproj", "{3701B70B-ABAB-4E78-8AE0-A4CE2EE5D437}"
EndProject
Global
	GlobalSection(SolutionConfigurationPlatforms) = preSolution
		Debug|x64 = Debug|x64
		Debug|x86 = Debug|x86
		Release|x64 = Release|x64
		Release|x86 = Release|x86
	EndGlobalSection
	GlobalSection(ProjectConfigurationPlatforms) = postSolution
		{03068161-0D82-4641-980D-D9459A34D957}.Debug|x64.ActiveCfg = Debug|x64
		{03068161-0D82-4641-980D-D9459A34D957}.Debug|x64.Build.0 = Debug|x64
		{03068161-0D82-4641-980D-D9459A34D957}.Debug|x86.ActiveCfg = Debug|Win32
		{03068161-0D82-4641-980D-D9459A34D957}.Debug|x86.Build.0 = Debug|Win32
		{03068161-0D82-4641-980D-D9459A34D957}.Release|x64.ActiveCfg = Release|x64
		{03068161-0D82-4641-980D-D9459A34D957}.Release|x64.Build.0 = Release|x64
		{03068161-0D82-4641-980D-D9459A34D957}.Release|x86.ActiveCfg = Release|Win32
		{03068161-0D82-4641-980D-D9459A34D957}.Release|x86.Build.0 = Release|Win32
		{3C408930-2369-4610-AF5C-7DDE230567B7}.Debug|x64.ActiveCfg = Debug|x64
		{3C408930-2369-4610-AF5C-7DDE230567B7}.Debug|x64.Build.0 = Debug|x64
		{3C408930-2369-4610-AF5C-7DDE230567B7}.Debug|x86.ActiveCfg = Debug|Win32
		{3C408930-2369-4610-AF5C-7DDE230567B7}.Debug|x86.Build.0 = Debug|Win32
		{3C408930-2369-4610-AF5C-7DDE230567B7}.Release|x64.ActiveCfg = Release|x64
		{3C408930-2369-4610-AF5C-7DDE230567B7}.Release|x64.Build.0 = Release|x64
		{3C408930-2369-4610-AF5C-7DDE230567B7}.Release|x86.ActiveCfg = Release|Win32
		{3C408930-2369-4610-AF5C-7DDE230567B7}.Release|x86.Build.0 = Release|Win32
		{41AC8858-A4BE-4E88-B426-A03C2A4CB4BD}.Debug|x64.ActiveCfg = Debug|x64
		{41AC8858-A4BE-4E88-B426-A03C2A4CB4BD}.Debug|x64.Build.0 = Debug|x64
		{41AC8858-A4BE-4E88-B426-A03C2A4CB4BD}.Debug|x86.ActiveCfg = Debug|Win32
		{41AC8858-A4BE-4E88-B426-A03C2A4CB4BD}.Debug|x86.Build.0 = Debug|Win32
		{41AC8858-A4BE-4E88-B426-A03C2A4CB4BD}.Release|x64.ActiveCfg = Release|x64
		{41AC8858-A4BE-4E88-B426-A03C2A4CB4BD}.Release|x64.Build.0 = Release|x64
		{41AC8858-A4BE-4E88-B426-A03C2A4CB4BD}.Release|x86.ActiveCfg = Release|Win32
		{41AC8858-A4BE-4E88-B426-A03C2A4CB4BD}.Release|x86.Build.0 = Release|Win32
		{FB2D7F39-73B5-4982-AE4E-2F2F484F4BD3}.Debug|x64.ActiveCfg = Debug|x64
		{FB2D7F39-73B5-4982-AE4E-2F2F484F4BD3}.Debug|x64.Build.0 = Debug|x64
		{FB2D7F39-73B5-4982-AE4E-2F2F484F4BD3}.Debug|x86.ActiveCfg = Debug|Win32
		{FB2D7F39-73B5-4982-AE4E-2F2F484F4BD3}.Debug|x86.Build.0 = Debug|Win32
		{FB2D7F39-73B5-4982-AE4E-2F2F484F4BD3}.Release|x64.ActiveCfg = Release|x64
		{FB2D7F39-73B5-4982-AE4E-2F2F484F4BD3}.Release|x64.Build.0 = Release|x64
		{FB2D7F39-73B5-4982-AE4E-2F2F484F4BD3}.Release|x86.ActiveCfg = Release|Win32
		{FB2D7F39-73B5-4982-AE4E-2F2F484F4BD3}.Release|x86.Build.0 = Release|Win32
		{3701B70B-ABAB-4E78-8AE0-A4CE2EE5D437}.Debug|x64.ActiveCfg = Debug|x64
		{3701B70B-ABAB-4E78-8AE0-A4CE2EE5D437}.Debug|x64.Build.0 = Debug|x64
		{3701B70B-ABAB-4E78-8AE0-A4CE2EE5D437}.Debug|x86.ActiveCfg = Debug|Win32
		{3701B70B-ABAB-4E78-8AE0-A4CE2EE5D437}.Debug|x86.Build.0 = Debug|Win32
		{3701B70B-ABAB-4E78-8AE0-A4CE2EE5D437}.Release|x64.ActiveCfg = Release|x64
		{3701B70B-ABAB-4E78-8AE0-A4CE2EE5D437}.Release|x64.Build.0 = Release|x64
		{3701B70B-ABAB-4E78-8AE0-A4CE2EE5D437}.Release|x86.ActiveCfg = Release|Win32
		{3701B70B-ABAB-4E78-8AE0-A4CE2EE5D437}.Release|x86.Build.0 = Release|Win32
	EndGlobalSection
	GlobalSection(SolutionProperties) = preSolution
		HideSolutionNode = FALSE
	EndGlobalSection
	GlobalSection(ExtensibilityGlobals) = postSolution
		SolutionGuid = {66F48821-2575-4ED7-9B2E-81480BA73201}
	EndGlobalSection
EndGlobal
